
Microsoft Visual Studio Solution File, Format Version 11.00
# Visual Studio 2010
Project("{FAE04EC0-301F-11D3-BF4B-00C04F79EFBC}") = "impact48-mihscotland", "impact48-mihscotland\impact48-mihscotland.csproj", "{879F0495-8DEC-422E-8D4C-1862CB2D48FD}"
EndProject
Global
	GlobalSection(SolutionConfigurationPlatforms) = preSolution
		Debug|Any CPU = Debug|Any CPU
		Release|Any CPU = Release|Any CPU
	EndGlobalSection
	GlobalSection(ProjectConfigurationPlatforms) = postSolution
		{879F0495-8DEC-422E-8D4C-1862CB2D48FD}.Debug|Any CPU.ActiveCfg = Debug|Any CPU
		{879F0495-8DEC-422E-8D4C-1862CB2D48FD}.Debug|Any CPU.Build.0 = Debug|Any CPU
		{879F0495-8DEC-422E-8D4C-1862CB2D48FD}.Release|Any CPU.ActiveCfg = Release|Any CPU
		{879F0495-8DEC-422E-8D4C-1862CB2D48FD}.Release|Any CPU.Build.0 = Release|Any CPU
	EndGlobalSection
	GlobalSection(SolutionProperties) = preSolution
		HideSolutionNode = FALSE
	EndGlobalSection
EndGlobal
